
Microsoft Visual Studio Solution File, Format Version 12.00
# Visual Studio Version 16
VisualStudioVersion = 16.0.29926.136
MinimumVisualStudioVersion = 10.0.40219.1
Project("{8BC9CEB8-8B4A-11D0-8D11-00A0C91BC942}") = "Vendedores", "Vendedores.vcxproj", "{93FB5D68-821F-42EB-83EA-6FA158C7CE11}"
EndProject
Global
	GlobalSection(SolutionConfigurationPlatforms) = preSolution
		Debug|x64 = Debug|x64
		Debug|x86 = Debug|x86
		Release|x64 = Release|x64
		Release|x86 = Release|x86
	EndGlobalSection
	GlobalSection(ProjectConfigurationPlatforms) = postSolution
		{93FB5D68-821F-42EB-83EA-6FA158C7CE11}.Debug|x64.ActiveCfg = Debug|x64
		{93FB5D68-821F-42EB-83EA-6FA158C7CE11}.Debug|x64.Build.0 = Debug|x64
		{93FB5D68-821F-42EB-83EA-6FA158C7CE11}.Debug|x86.ActiveCfg = Debug|Win32
		{93FB5D68-821F-42EB-83EA-6FA158C7CE11}.Debug|x86.Build.0 = Debug|Win32
		{93FB5D68-821F-42EB-83EA-6FA158C7CE11}.Release|x64.ActiveCfg = Release|x64
		{93FB5D68-821F-42EB-83EA-6FA158C7CE11}.Release|x64.Build.0 = Release|x64
		{93FB5D68-821F-42EB-83EA-6FA158C7CE11}.Release|x86.ActiveCfg = Release|Win32
		{93FB5D68-821F-42EB-83EA-6FA158C7CE11}.Release|x86.Build.0 = Release|Win32
	EndGlobalSection
	GlobalSection(SolutionProperties) = preSolution
		HideSolutionNode = FALSE
	EndGlobalSection
	GlobalSection(ExtensibilityGlobals) = postSolution
		SolutionGuid = {8B645192-5890-43B4-B53C-A1015828FA69}
	EndGlobalSection
EndGlobal
